{
  "lockfileVersion": 1,
  "configVersion": 0,
  "workspaces": {
    "": {
      "name": "md-zen",
      "dependencies": {
        "blessed": "^0.1.81",
        "marked": "^18.0.0",
        "strip-ansi": "^7.2.0",
      },
    },
  },
  "packages": {
    "ansi-regex": ["ansi-regex@6.2.2", "", {}, "sha512-Bq3SmSpyFHaWjPk8If9yc6svM8c56dB5BAtW4Qbw5jHTwwXXcTLoRMkpDJp6VL0XzlWaCHTXrkFURMYmD0sLqg=="],

    "blessed": ["blessed@0.1.81", "", { "bin": "bin/tput.js" }, "sha512-LoF5gae+hlmfORcG1M5+5XZi4LBmvlXTzwJWzUlPryN/SJdSflZvROM2TwkT0GMpq7oqT48NRd4GS7BiVBc5OQ=="],

    "marked": ["marked@18.0.0", "", { "bin": "bin/marked.js" }, "sha512-2e7Qiv/HJSXj8rDEpgTvGKsP8yYtI9xXHKDnrftrmnrJPaFNM7VRb2YCzWaX4BP1iCJ/XPduzDJZMFoqTCcIMA=="],

    "strip-ansi": ["strip-ansi@7.2.0", "", { "dependencies": { "ansi-regex": "^6.2.2" } }, "sha512-yDPMNjp4WyfYBkHnjIRLfca1i6KMyGCtsVgoKe/z1+6vukgaENdgGBZt+ZmKPc4gavvEZ5OgHfHdrazhgNyG7w=="],
  }
}
